
Microsoft Visual Studio Solution File, Format Version 12.00
# Visual Studio Version 17
VisualStudioVersion = 17.4.33103.184
MinimumVisualStudioVersion = 10.0.40219.1
Project("{8BC9CEB8-8B4A-11D0-8D11-00A0C91BC942}") = "unordered_map___unordered_set_blog", "unordered_map___unordered_set_blog\unordered_map___unordered_set_blog.vcxproj", "{91521205-A913-40B0-A316-2F9FF39A2D42}"
EndProject
Global
	GlobalSection(SolutionConfigurationPlatforms) = preSolution
		Debug|x64 = Debug|x64
		Debug|x86 = Debug|x86
		Release|x64 = Release|x64
		Release|x86 = Release|x86
	EndGlobalSection
	GlobalSection(ProjectConfigurationPlatforms) = postSolution
		{91521205-A913-40B0-A316-2F9FF39A2D42}.Debug|x64.ActiveCfg = Debug|x64
		{91521205-A913-40B0-A316-2F9FF39A2D42}.Debug|x64.Build.0 = Debug|x64
		{91521205-A913-40B0-A316-2F9FF39A2D42}.Debug|x86.ActiveCfg = Debug|Win32
		{91521205-A913-40B0-A316-2F9FF39A2D42}.Debug|x86.Build.0 = Debug|Win32
		{91521205-A913-40B0-A316-2F9FF39A2D42}.Release|x64.ActiveCfg = Release|x64
		{91521205-A913-40B0-A316-2F9FF39A2D42}.Release|x64.Build.0 = Release|x64
		{91521205-A913-40B0-A316-2F9FF39A2D42}.Release|x86.ActiveCfg = Release|Win32
		{91521205-A913-40B0-A316-2F9FF39A2D42}.Release|x86.Build.0 = Release|Win32
	EndGlobalSection
	GlobalSection(SolutionProperties) = preSolution
		HideSolutionNode = FALSE
	EndGlobalSection
	GlobalSection(ExtensibilityGlobals) = postSolution
		SolutionGuid = {F6B653C7-05DB-4DB3-A9CA-BAB37AF3A302}
	EndGlobalSection
EndGlobal
